
Microsoft Visual Studio Solution File, Format Version 12.00
# Visual Studio Version 16
VisualStudioVersion = 16.0.29926.136
MinimumVisualStudioVersion = 10.0.40219.1
Project("{FAE04EC0-301F-11D3-BF4B-00C04F79EFBC}") = "Workaround", "Workaround\Workaround.csproj", "{32962453-6321-4085-987E-66E98D83D117}"
EndProject
Project("{FAE04EC0-301F-11D3-BF4B-00C04F79EFBC}") = "Entities", "Entities\Entities.csproj", "{FC5EFF09-AF63-4B60-BC45-E5D91337CC70}"
EndProject
Project("{FAE04EC0-301F-11D3-BF4B-00C04F79EFBC}") = "Business", "Business\Business.csproj", "{6CB93336-48FC-4B1F-B954-FB26DC2E22CD}"
EndProject
Global
	GlobalSection(SolutionConfigurationPlatforms) = preSolution
		Debug|Any CPU = Debug|Any CPU
		Release|Any CPU = Release|Any CPU
	EndGlobalSection
	GlobalSection(ProjectConfigurationPlatforms) = postSolution
		{32962453-6321-4085-987E-66E98D83D117}.Debug|Any CPU.ActiveCfg = Debug|Any CPU
		{32962453-6321-4085-987E-66E98D83D117}.Debug|Any CPU.Build.0 = Debug|Any CPU
		{32962453-6321-4085-987E-66E98D83D117}.Release|Any CPU.ActiveCfg = Release|Any CPU
		{32962453-6321-4085-987E-66E98D83D117}.Release|Any CPU.Build.0 = Release|Any CPU
		{FC5EFF09-AF63-4B60-BC45-E5D91337CC70}.Debug|Any CPU.ActiveCfg = Debug|Any CPU
		{FC5EFF09-AF63-4B60-BC45-E5D91337CC70}.Debug|Any CPU.Build.0 = Debug|Any CPU
		{FC5EFF09-AF63-4B60-BC45-E5D91337CC70}.Release|Any CPU.ActiveCfg = Release|Any CPU
		{FC5EFF09-AF63-4B60-BC45-E5D91337CC70}.Release|Any CPU.Build.0 = Release|Any CPU
		{6CB93336-48FC-4B1F-B954-FB26DC2E22CD}.Debug|Any CPU.ActiveCfg = Debug|Any CPU
		{6CB93336-48FC-4B1F-B954-FB26DC2E22CD}.Debug|Any CPU.Build.0 = Debug|Any CPU
		{6CB93336-48FC-4B1F-B954-FB26DC2E22CD}.Release|Any CPU.ActiveCfg = Release|Any CPU
		{6CB93336-48FC-4B1F-B954-FB26DC2E22CD}.Release|Any CPU.Build.0 = Release|Any CPU
	EndGlobalSection
	GlobalSection(SolutionProperties) = preSolution
		HideSolutionNode = FALSE
	EndGlobalSection
	GlobalSection(ExtensibilityGlobals) = postSolution
		SolutionGuid = {C4F41E47-7F70-47CD-AF06-CFE778A27286}
	EndGlobalSection
EndGlobal
